
Microsoft Visual Studio Solution File, Format Version 12.00
# Visual Studio Version 17
VisualStudioVersion = 17.3.32922.545
MinimumVisualStudioVersion = 10.0.40219.1
Project("{FAE04EC0-301F-11D3-BF4B-00C04F79EFBC}") = "SocialNetworkWebAPI", "SocialNetworkWebAPI\SocialNetworkWebAPI.csproj", "{769E14CA-255E-463C-9A51-4EC0BD93E612}"
EndProject
Global
	GlobalSection(SolutionConfigurationPlatforms) = preSolution
		Debug|Any CPU = Debug|Any CPU
		Release|Any CPU = Release|Any CPU
	EndGlobalSection
	GlobalSection(ProjectConfigurationPlatforms) = postSolution
		{769E14CA-255E-463C-9A51-4EC0BD93E612}.Debug|Any CPU.ActiveCfg = Debug|Any CPU
		{769E14CA-255E-463C-9A51-4EC0BD93E612}.Debug|Any CPU.Build.0 = Debug|Any CPU
		{769E14CA-255E-463C-9A51-4EC0BD93E612}.Release|Any CPU.ActiveCfg = Release|Any CPU
		{769E14CA-255E-463C-9A51-4EC0BD93E612}.Release|Any CPU.Build.0 = Release|Any CPU
	EndGlobalSection
	GlobalSection(SolutionProperties) = preSolution
		HideSolutionNode = FALSE
	EndGlobalSection
	GlobalSection(ExtensibilityGlobals) = postSolution
		SolutionGuid = {8AB667DA-7B5C-4D95-91A6-98089BA9C5ED}
	EndGlobalSection
EndGlobal
